
Microsoft Visual Studio Solution File, Format Version 12.00
# Visual Studio Version 17
VisualStudioVersion = 17.7.34202.233
MinimumVisualStudioVersion = 10.0.40219.1
Project("{FAE04EC0-301F-11D3-BF4B-00C04F79EFBC}") = "lgs", "lgs\lgs.csproj", "{7C9AB54D-0A9A-4710-9A04-5CC9DCA9ED9B}"
EndProject
Global
	GlobalSection(SolutionConfigurationPlatforms) = preSolution
		Debug|Any CPU = Debug|Any CPU
		Release|Any CPU = Release|Any CPU
	EndGlobalSection
	GlobalSection(ProjectConfigurationPlatforms) = postSolution
		{7C9AB54D-0A9A-4710-9A04-5CC9DCA9ED9B}.Debug|Any CPU.ActiveCfg = Debug|Any CPU
		{7C9AB54D-0A9A-4710-9A04-5CC9DCA9ED9B}.Debug|Any CPU.Build.0 = Debug|Any CPU
		{7C9AB54D-0A9A-4710-9A04-5CC9DCA9ED9B}.Release|Any CPU.ActiveCfg = Release|Any CPU
		{7C9AB54D-0A9A-4710-9A04-5CC9DCA9ED9B}.Release|Any CPU.Build.0 = Release|Any CPU
	EndGlobalSection
	GlobalSection(SolutionProperties) = preSolution
		HideSolutionNode = FALSE
	EndGlobalSection
	GlobalSection(ExtensibilityGlobals) = postSolution
		SolutionGuid = {9B0E383A-7E43-4A29-BBD2-17718B52045C}
	EndGlobalSection
EndGlobal
